
Microsoft Visual Studio Solution File, Format Version 12.00
# Visual Studio Version 17
VisualStudioVersion = 17.0.31903.59
MinimumVisualStudioVersion = 10.0.40219.1
Project("{FAE04EC0-301F-11D3-BF4B-00C04F79EFBC}") = "TrainRekt.Api", "TrainRekt.Api\TrainRekt.Api.csproj", "{5A9FF3C3-3792-404D-86BD-6E4D2F7BC259}"
EndProject
Project("{FAE04EC0-301F-11D3-BF4B-00C04F79EFBC}") = "TrainRekt.Api.Tests", "TrainRekt.Api.Tests\TrainRekt.Api.Tests.csproj", "{DF746BC1-30FB-4588-8D77-6251E34B68BC}"
EndProject
Global
	GlobalSection(SolutionConfigurationPlatforms) = preSolution
		Debug|Any CPU = Debug|Any CPU
		Release|Any CPU = Release|Any CPU
	EndGlobalSection
	GlobalSection(SolutionProperties) = preSolution
		HideSolutionNode = FALSE
	EndGlobalSection
	GlobalSection(ProjectConfigurationPlatforms) = postSolution
		{5A9FF3C3-3792-404D-86BD-6E4D2F7BC259}.Debug|Any CPU.ActiveCfg = Debug|Any CPU
		{5A9FF3C3-3792-404D-86BD-6E4D2F7BC259}.Debug|Any CPU.Build.0 = Debug|Any CPU
		{5A9FF3C3-3792-404D-86BD-6E4D2F7BC259}.Release|Any CPU.ActiveCfg = Release|Any CPU
		{5A9FF3C3-3792-404D-86BD-6E4D2F7BC259}.Release|Any CPU.Build.0 = Release|Any CPU
		{DF746BC1-30FB-4588-8D77-6251E34B68BC}.Debug|Any CPU.ActiveCfg = Debug|Any CPU
		{DF746BC1-30FB-4588-8D77-6251E34B68BC}.Debug|Any CPU.Build.0 = Debug|Any CPU
		{DF746BC1-30FB-4588-8D77-6251E34B68BC}.Release|Any CPU.ActiveCfg = Release|Any CPU
		{DF746BC1-30FB-4588-8D77-6251E34B68BC}.Release|Any CPU.Build.0 = Release|Any CPU
	EndGlobalSection
EndGlobal
